
Microsoft Visual Studio Solution File, Format Version 12.00
# Visual Studio Version 16
VisualStudioVersion = 16.0.30523.141
MinimumVisualStudioVersion = 10.0.40219.1
Project("{9A19103F-16F7-4668-BE54-9A1E7A4F7556}") = "webAPi", "webAPi\webAPi.csproj", "{2700A9ED-641E-40C8-85A2-F448C52804E3}"
EndProject
Project("{FAE04EC0-301F-11D3-BF4B-00C04F79EFBC}") = "webapi_UnitTest", "webapi_UnitTest\webapi_UnitTest.csproj", "{4FBBE6B8-861D-47F5-9940-A3BC77103FAB}"
EndProject
Global
	GlobalSection(SolutionConfigurationPlatforms) = preSolution
		Debug|Any CPU = Debug|Any CPU
		Release|Any CPU = Release|Any CPU
	EndGlobalSection
	GlobalSection(ProjectConfigurationPlatforms) = postSolution
		{2700A9ED-641E-40C8-85A2-F448C52804E3}.Debug|Any CPU.ActiveCfg = Debug|Any CPU
		{2700A9ED-641E-40C8-85A2-F448C52804E3}.Debug|Any CPU.Build.0 = Debug|Any CPU
		{2700A9ED-641E-40C8-85A2-F448C52804E3}.Release|Any CPU.ActiveCfg = Release|Any CPU
		{2700A9ED-641E-40C8-85A2-F448C52804E3}.Release|Any CPU.Build.0 = Release|Any CPU
		{4FBBE6B8-861D-47F5-9940-A3BC77103FAB}.Debug|Any CPU.ActiveCfg = Debug|Any CPU
		{4FBBE6B8-861D-47F5-9940-A3BC77103FAB}.Debug|Any CPU.Build.0 = Debug|Any CPU
		{4FBBE6B8-861D-47F5-9940-A3BC77103FAB}.Release|Any CPU.ActiveCfg = Release|Any CPU
		{4FBBE6B8-861D-47F5-9940-A3BC77103FAB}.Release|Any CPU.Build.0 = Release|Any CPU
	EndGlobalSection
	GlobalSection(SolutionProperties) = preSolution
		HideSolutionNode = FALSE
	EndGlobalSection
	GlobalSection(ExtensibilityGlobals) = postSolution
		SolutionGuid = {CEDF2B40-C72F-46C8-83BD-D2BC6D98B422}
	EndGlobalSection
EndGlobal
